
Microsoft Visual Studio Solution File, Format Version 12.00
# Visual Studio Version 17
VisualStudioVersion = 17.7.34024.191
MinimumVisualStudioVersion = 10.0.40219.1
Project("{9A19103F-16F7-4668-BE54-9A1E7A4F7556}") = "WebApp", "WebApp\WebApp.csproj", "{6171C624-5249-46CC-9582-FB2FC68E71D8}"
EndProject
Project("{9A19103F-16F7-4668-BE54-9A1E7A4F7556}") = "XboxLiveApiConsole", "XboxLiveApiConsole\XboxLiveApiConsole.csproj", "{D04A5974-620C-4F36-94A9-124752EB3E2A}"
EndProject
Project("{9A19103F-16F7-4668-BE54-9A1E7A4F7556}") = "XboxLiveService", "XboxLiveService\XboxLiveService.csproj", "{48CAEAB6-AF22-4E56-A927-2B698AB526BB}"
EndProject
Project("{2150E333-8FDC-42A3-9474-1A3956D46DE8}") = "Legacy", "Legacy", "{F9B9EC0F-35BB-495F-8B91-957B8B57935C}"
EndProject
Global
	GlobalSection(SolutionConfigurationPlatforms) = preSolution
		Debug|Any CPU = Debug|Any CPU
		Release|Any CPU = Release|Any CPU
	EndGlobalSection
	GlobalSection(ProjectConfigurationPlatforms) = postSolution
		{6171C624-5249-46CC-9582-FB2FC68E71D8}.Debug|Any CPU.ActiveCfg = Debug|Any CPU
		{6171C624-5249-46CC-9582-FB2FC68E71D8}.Debug|Any CPU.Build.0 = Debug|Any CPU
		{6171C624-5249-46CC-9582-FB2FC68E71D8}.Release|Any CPU.ActiveCfg = Release|Any CPU
		{6171C624-5249-46CC-9582-FB2FC68E71D8}.Release|Any CPU.Build.0 = Release|Any CPU
		{D04A5974-620C-4F36-94A9-124752EB3E2A}.Debug|Any CPU.ActiveCfg = Debug|Any CPU
		{D04A5974-620C-4F36-94A9-124752EB3E2A}.Debug|Any CPU.Build.0 = Debug|Any CPU
		{D04A5974-620C-4F36-94A9-124752EB3E2A}.Release|Any CPU.ActiveCfg = Release|Any CPU
		{D04A5974-620C-4F36-94A9-124752EB3E2A}.Release|Any CPU.Build.0 = Release|Any CPU
		{48CAEAB6-AF22-4E56-A927-2B698AB526BB}.Debug|Any CPU.ActiveCfg = Debug|Any CPU
		{48CAEAB6-AF22-4E56-A927-2B698AB526BB}.Debug|Any CPU.Build.0 = Debug|Any CPU
		{48CAEAB6-AF22-4E56-A927-2B698AB526BB}.Release|Any CPU.ActiveCfg = Release|Any CPU
		{48CAEAB6-AF22-4E56-A927-2B698AB526BB}.Release|Any CPU.Build.0 = Release|Any CPU
	EndGlobalSection
	GlobalSection(SolutionProperties) = preSolution
		HideSolutionNode = FALSE
	EndGlobalSection
	GlobalSection(NestedProjects) = preSolution
		{D04A5974-620C-4F36-94A9-124752EB3E2A} = {F9B9EC0F-35BB-495F-8B91-957B8B57935C}
	EndGlobalSection
	GlobalSection(ExtensibilityGlobals) = postSolution
		SolutionGuid = {C99C6295-7845-4FA6-BC67-9CEAB2C21C23}
	EndGlobalSection
EndGlobal
