
Microsoft Visual Studio Solution File, Format Version 12.00
# Visual Studio Version 17
VisualStudioVersion = 17.7.34024.191
MinimumVisualStudioVersion = 10.0.40219.1
Project("{2150E333-8FDC-42A3-9474-1A3956D46DE8}") = "1_Domain", "1_Domain", "{EF35CC19-C71E-4341-A29B-AB4F320FEFD1}"
EndProject
Project("{2150E333-8FDC-42A3-9474-1A3956D46DE8}") = "2_Application", "2_Application", "{5C5CBEE3-AD91-4D8C-9140-0C729D1F06BF}"
EndProject
Project("{2150E333-8FDC-42A3-9474-1A3956D46DE8}") = "3_Infrastructure", "3_Infrastructure", "{A57CFBC4-B7C0-44CD-8942-7691237C78A4}"
EndProject
Project("{9A19103F-16F7-4668-BE54-9A1E7A4F7556}") = "XblApp.UI", "XblApp.UI\XblApp.UI.csproj", "{6DE479C1-FD8B-4BC4-8D1A-75ABDBD4147B}"
EndProject
Project("{2150E333-8FDC-42A3-9474-1A3956D46DE8}") = "tests", "tests", "{9582B8F7-7DFE-4215-A3D7-DB8111D29FF2}"
EndProject
Project("{2150E333-8FDC-42A3-9474-1A3956D46DE8}") = "DataForTests", "DataForTests", "{02EA681E-C7D8-13C7-8484-4AC65E1B71E8}"
	ProjectSection(SolutionItems) = preProject
		AchievementsX1.json = AchievementsX1.json
		AchievementsX360.json = AchievementsX360.json
		GamerProfiles.json = GamerProfiles.json
		Games1.json = Games1.json
		Games2.json = Games2.json
	EndProjectSection
EndProject
Project("{2150E333-8FDC-42A3-9474-1A3956D46DE8}") = "AuthTokens", "AuthTokens", "{0C877FD8-7B12-4116-B310-216C4D14951B}"
	ProjectSection(SolutionItems) = preProject
		AuthToken.json = AuthToken.json
		XauToken.json = XauToken.json
		XstsToken.json = XstsToken.json
	EndProjectSection
EndProject
Project("{FAE04EC0-301F-11D3-BF4B-00C04F79EFBC}") = "XblApp.API", "XblApp.API\XblApp.API.csproj", "{FC105851-9721-4FB4-8420-44A4542DBAA1}"
EndProject
Project("{2150E333-8FDC-42A3-9474-1A3956D46DE8}") = "Solution Items", "Solution Items", "{8EC462FD-D22E-90A8-E5CE-7E832BA40C5D}"
	ProjectSection(SolutionItems) = preProject
		docker-compose.yml = docker-compose.yml
	EndProjectSection
EndProject
Project("{2150E333-8FDC-42A3-9474-1A3956D46DE8}") = "4_Presentation", "4_Presentation", "{B7B8A544-330C-4646-80E4-D6151C9123CE}"
EndProject
Project("{FAE04EC0-301F-11D3-BF4B-00C04F79EFBC}") = "XblApp.API.Test", "XblApp.API.Test\XblApp.API.Test.csproj", "{4958FBD2-6222-4CFB-9CAE-AD8E3AFB41A3}"
EndProject
Project("{FAE04EC0-301F-11D3-BF4B-00C04F79EFBC}") = "Domain", "Domain\Domain.csproj", "{E528BBC3-1C26-8C35-F682-23718816ADCD}"
EndProject
Project("{FAE04EC0-301F-11D3-BF4B-00C04F79EFBC}") = "Application", "Application\Application.csproj", "{F80C4E72-27A0-12B5-0634-DD5C11CFB0C1}"
EndProject
Project("{FAE04EC0-301F-11D3-BF4B-00C04F79EFBC}") = "Infrastructure", "Infrastructure\Infrastructure.csproj", "{5872AEB3-BAA3-FE31-B0EB-0FB6DBEDCF83}"
EndProject
Project("{FAE04EC0-301F-11D3-BF4B-00C04F79EFBC}") = "Infrastructure.InternalService", "Infrastructure.InternalService\Infrastructure.InternalService.csproj", "{30DEE27F-7413-3B1A-8F9A-311B123C89DB}"
EndProject
Project("{FAE04EC0-301F-11D3-BF4B-00C04F79EFBC}") = "Infrastructure.XboxLiveService", "Infrastructure.XboxLiveService\Infrastructure.XboxLiveService.csproj", "{506ECA0D-693F-B91E-8B60-85842E53C3AB}"
EndProject
Project("{FAE04EC0-301F-11D3-BF4B-00C04F79EFBC}") = "XblApp.EventSourcingDemo", "XblApp.EventSourcingDemo\XblApp.EventSourcingDemo.csproj", "{845D5AD8-6A81-485E-B1D3-97862CAD6C2A}"
EndProject
Project("{FAE04EC0-301F-11D3-BF4B-00C04F79EFBC}") = "XblApp.EventSourcingDemoMininmalAPI", "XblApp.EventSourcingDemoMininmalAPI\XblApp.EventSourcingDemoMininmalAPI.csproj", "{E50D6DF4-6B23-4C47-B682-12A39E0DBD43}"
EndProject
Global
	GlobalSection(SolutionConfigurationPlatforms) = preSolution
		Debug|Any CPU = Debug|Any CPU
		Release|Any CPU = Release|Any CPU
	EndGlobalSection
	GlobalSection(ProjectConfigurationPlatforms) = postSolution
		{6DE479C1-FD8B-4BC4-8D1A-75ABDBD4147B}.Debug|Any CPU.ActiveCfg = Debug|Any CPU
		{6DE479C1-FD8B-4BC4-8D1A-75ABDBD4147B}.Debug|Any CPU.Build.0 = Debug|Any CPU
		{6DE479C1-FD8B-4BC4-8D1A-75ABDBD4147B}.Release|Any CPU.ActiveCfg = Release|Any CPU
		{6DE479C1-FD8B-4BC4-8D1A-75ABDBD4147B}.Release|Any CPU.Build.0 = Release|Any CPU
		{FC105851-9721-4FB4-8420-44A4542DBAA1}.Debug|Any CPU.ActiveCfg = Debug|Any CPU
		{FC105851-9721-4FB4-8420-44A4542DBAA1}.Debug|Any CPU.Build.0 = Debug|Any CPU
		{FC105851-9721-4FB4-8420-44A4542DBAA1}.Release|Any CPU.ActiveCfg = Release|Any CPU
		{FC105851-9721-4FB4-8420-44A4542DBAA1}.Release|Any CPU.Build.0 = Release|Any CPU
		{4958FBD2-6222-4CFB-9CAE-AD8E3AFB41A3}.Debug|Any CPU.ActiveCfg = Debug|Any CPU
		{4958FBD2-6222-4CFB-9CAE-AD8E3AFB41A3}.Debug|Any CPU.Build.0 = Debug|Any CPU
		{4958FBD2-6222-4CFB-9CAE-AD8E3AFB41A3}.Release|Any CPU.ActiveCfg = Release|Any CPU
		{4958FBD2-6222-4CFB-9CAE-AD8E3AFB41A3}.Release|Any CPU.Build.0 = Release|Any CPU
		{E528BBC3-1C26-8C35-F682-23718816ADCD}.Debug|Any CPU.ActiveCfg = Debug|Any CPU
		{E528BBC3-1C26-8C35-F682-23718816ADCD}.Debug|Any CPU.Build.0 = Debug|Any CPU
		{E528BBC3-1C26-8C35-F682-23718816ADCD}.Release|Any CPU.ActiveCfg = Release|Any CPU
		{E528BBC3-1C26-8C35-F682-23718816ADCD}.Release|Any CPU.Build.0 = Release|Any CPU
		{F80C4E72-27A0-12B5-0634-DD5C11CFB0C1}.Debug|Any CPU.ActiveCfg = Debug|Any CPU
		{F80C4E72-27A0-12B5-0634-DD5C11CFB0C1}.Debug|Any CPU.Build.0 = Debug|Any CPU
		{F80C4E72-27A0-12B5-0634-DD5C11CFB0C1}.Release|Any CPU.ActiveCfg = Release|Any CPU
		{F80C4E72-27A0-12B5-0634-DD5C11CFB0C1}.Release|Any CPU.Build.0 = Release|Any CPU
		{5872AEB3-BAA3-FE31-B0EB-0FB6DBEDCF83}.Debug|Any CPU.ActiveCfg = Debug|Any CPU
		{5872AEB3-BAA3-FE31-B0EB-0FB6DBEDCF83}.Debug|Any CPU.Build.0 = Debug|Any CPU
		{5872AEB3-BAA3-FE31-B0EB-0FB6DBEDCF83}.Release|Any CPU.ActiveCfg = Release|Any CPU
		{5872AEB3-BAA3-FE31-B0EB-0FB6DBEDCF83}.Release|Any CPU.Build.0 = Release|Any CPU
		{30DEE27F-7413-3B1A-8F9A-311B123C89DB}.Debug|Any CPU.ActiveCfg = Debug|Any CPU
		{30DEE27F-7413-3B1A-8F9A-311B123C89DB}.Debug|Any CPU.Build.0 = Debug|Any CPU
		{30DEE27F-7413-3B1A-8F9A-311B123C89DB}.Release|Any CPU.ActiveCfg = Release|Any CPU
		{30DEE27F-7413-3B1A-8F9A-311B123C89DB}.Release|Any CPU.Build.0 = Release|Any CPU
		{506ECA0D-693F-B91E-8B60-85842E53C3AB}.Debug|Any CPU.ActiveCfg = Debug|Any CPU
		{506ECA0D-693F-B91E-8B60-85842E53C3AB}.Debug|Any CPU.Build.0 = Debug|Any CPU
		{506ECA0D-693F-B91E-8B60-85842E53C3AB}.Release|Any CPU.ActiveCfg = Release|Any CPU
		{506ECA0D-693F-B91E-8B60-85842E53C3AB}.Release|Any CPU.Build.0 = Release|Any CPU
		{845D5AD8-6A81-485E-B1D3-97862CAD6C2A}.Debug|Any CPU.ActiveCfg = Debug|Any CPU
		{845D5AD8-6A81-485E-B1D3-97862CAD6C2A}.Debug|Any CPU.Build.0 = Debug|Any CPU
		{845D5AD8-6A81-485E-B1D3-97862CAD6C2A}.Release|Any CPU.ActiveCfg = Release|Any CPU
		{845D5AD8-6A81-485E-B1D3-97862CAD6C2A}.Release|Any CPU.Build.0 = Release|Any CPU
		{E50D6DF4-6B23-4C47-B682-12A39E0DBD43}.Debug|Any CPU.ActiveCfg = Debug|Any CPU
		{E50D6DF4-6B23-4C47-B682-12A39E0DBD43}.Debug|Any CPU.Build.0 = Debug|Any CPU
		{E50D6DF4-6B23-4C47-B682-12A39E0DBD43}.Release|Any CPU.ActiveCfg = Release|Any CPU
		{E50D6DF4-6B23-4C47-B682-12A39E0DBD43}.Release|Any CPU.Build.0 = Release|Any CPU
	EndGlobalSection
	GlobalSection(SolutionProperties) = preSolution
		HideSolutionNode = FALSE
	EndGlobalSection
	GlobalSection(NestedProjects) = preSolution
		{6DE479C1-FD8B-4BC4-8D1A-75ABDBD4147B} = {B7B8A544-330C-4646-80E4-D6151C9123CE}
		{02EA681E-C7D8-13C7-8484-4AC65E1B71E8} = {9582B8F7-7DFE-4215-A3D7-DB8111D29FF2}
		{0C877FD8-7B12-4116-B310-216C4D14951B} = {02EA681E-C7D8-13C7-8484-4AC65E1B71E8}
		{FC105851-9721-4FB4-8420-44A4542DBAA1} = {B7B8A544-330C-4646-80E4-D6151C9123CE}
		{4958FBD2-6222-4CFB-9CAE-AD8E3AFB41A3} = {9582B8F7-7DFE-4215-A3D7-DB8111D29FF2}
		{E528BBC3-1C26-8C35-F682-23718816ADCD} = {EF35CC19-C71E-4341-A29B-AB4F320FEFD1}
		{F80C4E72-27A0-12B5-0634-DD5C11CFB0C1} = {5C5CBEE3-AD91-4D8C-9140-0C729D1F06BF}
		{5872AEB3-BAA3-FE31-B0EB-0FB6DBEDCF83} = {A57CFBC4-B7C0-44CD-8942-7691237C78A4}
		{30DEE27F-7413-3B1A-8F9A-311B123C89DB} = {A57CFBC4-B7C0-44CD-8942-7691237C78A4}
		{506ECA0D-693F-B91E-8B60-85842E53C3AB} = {A57CFBC4-B7C0-44CD-8942-7691237C78A4}
		{845D5AD8-6A81-485E-B1D3-97862CAD6C2A} = {B7B8A544-330C-4646-80E4-D6151C9123CE}
		{E50D6DF4-6B23-4C47-B682-12A39E0DBD43} = {B7B8A544-330C-4646-80E4-D6151C9123CE}
	EndGlobalSection
	GlobalSection(ExtensibilityGlobals) = postSolution
		SolutionGuid = {C99C6295-7845-4FA6-BC67-9CEAB2C21C23}
	EndGlobalSection
EndGlobal
