
Microsoft Visual Studio Solution File, Format Version 12.00
# Visual Studio Version 17
VisualStudioVersion = 17.7.34024.191
MinimumVisualStudioVersion = 10.0.40219.1
Project("{2150E333-8FDC-42A3-9474-1A3956D46DE8}") = "1_Domain", "1_Domain", "{EF35CC19-C71E-4341-A29B-AB4F320FEFD1}"
EndProject
Project("{9A19103F-16F7-4668-BE54-9A1E7A4F7556}") = "XblApp.Domain", "XblApp.Domain\XblApp.Domain.csproj", "{88B53746-194E-4324-A080-96AE0C870025}"
EndProject
Project("{2150E333-8FDC-42A3-9474-1A3956D46DE8}") = "2_Use_Cases", "2_Use_Cases", "{5C5CBEE3-AD91-4D8C-9140-0C729D1F06BF}"
EndProject
Project("{9A19103F-16F7-4668-BE54-9A1E7A4F7556}") = "XblApp.Application", "XblApp.Application\XblApp.Application.csproj", "{79A0669A-21E5-4C88-AEA5-6E52D47219C7}"
EndProject
Project("{2150E333-8FDC-42A3-9474-1A3956D46DE8}") = "3_Interface_Adapters", "3_Interface_Adapters", "{126EC8D9-DEED-44BA-8171-D06DFCF925A5}"
EndProject
Project("{9A19103F-16F7-4668-BE54-9A1E7A4F7556}") = "XblApp.Database", "XblApp.Infrastructure\XblApp.Database.csproj", "{EBDA786F-A925-44AD-A654-BE0F1F2517C4}"
EndProject
Project("{2150E333-8FDC-42A3-9474-1A3956D46DE8}") = "4_Infrastructure", "4_Infrastructure", "{A57CFBC4-B7C0-44CD-8942-7691237C78A4}"
EndProject
Project("{9A19103F-16F7-4668-BE54-9A1E7A4F7556}") = "XblApp.UI", "XblApp.UI\XblApp.UI.csproj", "{6DE479C1-FD8B-4BC4-8D1A-75ABDBD4147B}"
EndProject
Project("{9A19103F-16F7-4668-BE54-9A1E7A4F7556}") = "XblApp.DTO", "XblApp.Shared\XblApp.DTO.csproj", "{360ADD36-82BC-465C-99C7-595F01CFB734}"
EndProject
Project("{2150E333-8FDC-42A3-9474-1A3956D46DE8}") = "test", "test", "{9582B8F7-7DFE-4215-A3D7-DB8111D29FF2}"
EndProject
Project("{FAE04EC0-301F-11D3-BF4B-00C04F79EFBC}") = "XblApp.XboxLiveService", "XblApp.XboxLiveService\XblApp.XboxLiveService.csproj", "{8AB06E94-7DBF-456B-974E-6FFCE17B3057}"
EndProject
Project("{FAE04EC0-301F-11D3-BF4B-00C04F79EFBC}") = "XblApp.Database.Test", "XblApp.Database.Test\XblApp.Database.Test.csproj", "{FDD2DB51-F082-4ACC-96DB-253C3335D1FA}"
EndProject
Project("{FAE04EC0-301F-11D3-BF4B-00C04F79EFBC}") = "XblApp.Application.Test", "XblApp.Application.Test\XblApp.Application.Test.csproj", "{FFEEC203-E6BC-4532-A322-189F1B42D43C}"
EndProject
Project("{FAE04EC0-301F-11D3-BF4B-00C04F79EFBC}") = "XblApp.XboxLiveService.Tests", "XblApp.XboxLiveService.Tests\XblApp.XboxLiveService.Tests.csproj", "{F290921A-72F8-47C4-9306-6939B2BEA2E1}"
EndProject
Project("{2150E333-8FDC-42A3-9474-1A3956D46DE8}") = "2_Use_Cases", "2_Use_Cases", "{668134B5-636A-4A2E-9E12-FB4613EB4B46}"
EndProject
Project("{2150E333-8FDC-42A3-9474-1A3956D46DE8}") = "4_Infrastructure", "4_Infrastructure", "{0EA4845B-BB0B-481A-98EB-D0884A20F962}"
EndProject
Project("{2150E333-8FDC-42A3-9474-1A3956D46DE8}") = "DataForTests", "DataForTests", "{02EA681E-C7D8-13C7-8484-4AC65E1B71E8}"
	ProjectSection(SolutionItems) = preProject
		AchievementsX360.json = AchievementsX360.json
		GamerProfiles.json = GamerProfiles.json
		AchievementsX1.json = AchievementsX1.json
		Games1.json = Games1.json
		Games2.json = Games2.json
	EndProjectSection
EndProject
Project("{2150E333-8FDC-42A3-9474-1A3956D46DE8}") = "AuthTokens", "AuthTokens", "{0C877FD8-7B12-4116-B310-216C4D14951B}"
	ProjectSection(SolutionItems) = preProject
		AuthToken.json = AuthToken.json
		XauToken.json = XauToken.json
		XstsToken.json = XstsToken.json
	EndProjectSection
EndProject
Global
	GlobalSection(SolutionConfigurationPlatforms) = preSolution
		Debug|Any CPU = Debug|Any CPU
		Release|Any CPU = Release|Any CPU
	EndGlobalSection
	GlobalSection(ProjectConfigurationPlatforms) = postSolution
		{88B53746-194E-4324-A080-96AE0C870025}.Debug|Any CPU.ActiveCfg = Debug|Any CPU
		{88B53746-194E-4324-A080-96AE0C870025}.Debug|Any CPU.Build.0 = Debug|Any CPU
		{88B53746-194E-4324-A080-96AE0C870025}.Release|Any CPU.ActiveCfg = Release|Any CPU
		{88B53746-194E-4324-A080-96AE0C870025}.Release|Any CPU.Build.0 = Release|Any CPU
		{79A0669A-21E5-4C88-AEA5-6E52D47219C7}.Debug|Any CPU.ActiveCfg = Debug|Any CPU
		{79A0669A-21E5-4C88-AEA5-6E52D47219C7}.Debug|Any CPU.Build.0 = Debug|Any CPU
		{79A0669A-21E5-4C88-AEA5-6E52D47219C7}.Release|Any CPU.ActiveCfg = Release|Any CPU
		{79A0669A-21E5-4C88-AEA5-6E52D47219C7}.Release|Any CPU.Build.0 = Release|Any CPU
		{EBDA786F-A925-44AD-A654-BE0F1F2517C4}.Debug|Any CPU.ActiveCfg = Debug|Any CPU
		{EBDA786F-A925-44AD-A654-BE0F1F2517C4}.Debug|Any CPU.Build.0 = Debug|Any CPU
		{EBDA786F-A925-44AD-A654-BE0F1F2517C4}.Release|Any CPU.ActiveCfg = Release|Any CPU
		{EBDA786F-A925-44AD-A654-BE0F1F2517C4}.Release|Any CPU.Build.0 = Release|Any CPU
		{6DE479C1-FD8B-4BC4-8D1A-75ABDBD4147B}.Debug|Any CPU.ActiveCfg = Debug|Any CPU
		{6DE479C1-FD8B-4BC4-8D1A-75ABDBD4147B}.Debug|Any CPU.Build.0 = Debug|Any CPU
		{6DE479C1-FD8B-4BC4-8D1A-75ABDBD4147B}.Release|Any CPU.ActiveCfg = Release|Any CPU
		{6DE479C1-FD8B-4BC4-8D1A-75ABDBD4147B}.Release|Any CPU.Build.0 = Release|Any CPU
		{360ADD36-82BC-465C-99C7-595F01CFB734}.Debug|Any CPU.ActiveCfg = Debug|Any CPU
		{360ADD36-82BC-465C-99C7-595F01CFB734}.Debug|Any CPU.Build.0 = Debug|Any CPU
		{360ADD36-82BC-465C-99C7-595F01CFB734}.Release|Any CPU.ActiveCfg = Release|Any CPU
		{360ADD36-82BC-465C-99C7-595F01CFB734}.Release|Any CPU.Build.0 = Release|Any CPU
		{8AB06E94-7DBF-456B-974E-6FFCE17B3057}.Debug|Any CPU.ActiveCfg = Debug|Any CPU
		{8AB06E94-7DBF-456B-974E-6FFCE17B3057}.Debug|Any CPU.Build.0 = Debug|Any CPU
		{8AB06E94-7DBF-456B-974E-6FFCE17B3057}.Release|Any CPU.ActiveCfg = Release|Any CPU
		{8AB06E94-7DBF-456B-974E-6FFCE17B3057}.Release|Any CPU.Build.0 = Release|Any CPU
		{FDD2DB51-F082-4ACC-96DB-253C3335D1FA}.Debug|Any CPU.ActiveCfg = Debug|Any CPU
		{FDD2DB51-F082-4ACC-96DB-253C3335D1FA}.Debug|Any CPU.Build.0 = Debug|Any CPU
		{FDD2DB51-F082-4ACC-96DB-253C3335D1FA}.Release|Any CPU.ActiveCfg = Release|Any CPU
		{FDD2DB51-F082-4ACC-96DB-253C3335D1FA}.Release|Any CPU.Build.0 = Release|Any CPU
		{FFEEC203-E6BC-4532-A322-189F1B42D43C}.Debug|Any CPU.ActiveCfg = Debug|Any CPU
		{FFEEC203-E6BC-4532-A322-189F1B42D43C}.Debug|Any CPU.Build.0 = Debug|Any CPU
		{FFEEC203-E6BC-4532-A322-189F1B42D43C}.Release|Any CPU.ActiveCfg = Release|Any CPU
		{FFEEC203-E6BC-4532-A322-189F1B42D43C}.Release|Any CPU.Build.0 = Release|Any CPU
		{F290921A-72F8-47C4-9306-6939B2BEA2E1}.Debug|Any CPU.ActiveCfg = Debug|Any CPU
		{F290921A-72F8-47C4-9306-6939B2BEA2E1}.Debug|Any CPU.Build.0 = Debug|Any CPU
		{F290921A-72F8-47C4-9306-6939B2BEA2E1}.Release|Any CPU.ActiveCfg = Release|Any CPU
		{F290921A-72F8-47C4-9306-6939B2BEA2E1}.Release|Any CPU.Build.0 = Release|Any CPU
	EndGlobalSection
	GlobalSection(SolutionProperties) = preSolution
		HideSolutionNode = FALSE
	EndGlobalSection
	GlobalSection(NestedProjects) = preSolution
		{88B53746-194E-4324-A080-96AE0C870025} = {EF35CC19-C71E-4341-A29B-AB4F320FEFD1}
		{79A0669A-21E5-4C88-AEA5-6E52D47219C7} = {5C5CBEE3-AD91-4D8C-9140-0C729D1F06BF}
		{EBDA786F-A925-44AD-A654-BE0F1F2517C4} = {A57CFBC4-B7C0-44CD-8942-7691237C78A4}
		{6DE479C1-FD8B-4BC4-8D1A-75ABDBD4147B} = {A57CFBC4-B7C0-44CD-8942-7691237C78A4}
		{360ADD36-82BC-465C-99C7-595F01CFB734} = {126EC8D9-DEED-44BA-8171-D06DFCF925A5}
		{8AB06E94-7DBF-456B-974E-6FFCE17B3057} = {A57CFBC4-B7C0-44CD-8942-7691237C78A4}
		{FDD2DB51-F082-4ACC-96DB-253C3335D1FA} = {0EA4845B-BB0B-481A-98EB-D0884A20F962}
		{FFEEC203-E6BC-4532-A322-189F1B42D43C} = {668134B5-636A-4A2E-9E12-FB4613EB4B46}
		{F290921A-72F8-47C4-9306-6939B2BEA2E1} = {0EA4845B-BB0B-481A-98EB-D0884A20F962}
		{668134B5-636A-4A2E-9E12-FB4613EB4B46} = {9582B8F7-7DFE-4215-A3D7-DB8111D29FF2}
		{0EA4845B-BB0B-481A-98EB-D0884A20F962} = {9582B8F7-7DFE-4215-A3D7-DB8111D29FF2}
		{02EA681E-C7D8-13C7-8484-4AC65E1B71E8} = {9582B8F7-7DFE-4215-A3D7-DB8111D29FF2}
		{0C877FD8-7B12-4116-B310-216C4D14951B} = {02EA681E-C7D8-13C7-8484-4AC65E1B71E8}
	EndGlobalSection
	GlobalSection(ExtensibilityGlobals) = postSolution
		SolutionGuid = {C99C6295-7845-4FA6-BC67-9CEAB2C21C23}
	EndGlobalSection
EndGlobal
